
Microsoft Visual Studio Solution File, Format Version 12.00
# Visual Studio 2013
VisualStudioVersion = 12.0.21005.1
MinimumVisualStudioVersion = 10.0.40219.1
Project("{FAE04EC0-301F-11D3-BF4B-00C04F79EFBC}") = "FrameworkLibraries", "FrameworkLibraries\FrameworkLibraries.csproj", "{41150A92-AC11-4A13-B88B-45E36310E2F9}"
EndProject
Project("{FAE04EC0-301F-11D3-BF4B-00C04F79EFBC}") = "BATS", "QBBATS\BATS.csproj", "{274767B4-4224-45D1-A921-5074D4CAFA3D}"
EndProject
Project("{FAE04EC0-301F-11D3-BF4B-00C04F79EFBC}") = "XunitDemo", "XunitDemo.cs\XunitDemo.csproj", "{88C1247F-5C3D-4868-A8CA-43C2A4D993E7}"
EndProject
Project("{FAE04EC0-301F-11D3-BF4B-00C04F79EFBC}") = "QBInstall", "QBInstall\QBInstall.csproj", "{3A9A1B2D-EF0C-47F9-942D-D8C50EA99BD0}"
EndProject
Project("{2150E333-8FDC-42A3-9474-1A3956D46DE8}") = ".nuget", ".nuget", "{CA553DB1-9CE8-4241-94B4-96333CB56858}"
	ProjectSection(SolutionItems) = preProject
		.nuget\packages.config = .nuget\packages.config
	EndProjectSection
EndProject
Project("{FAE04EC0-301F-11D3-BF4B-00C04F79EFBC}") = "WhiteTraining", "WhiteTraining\WhiteTraining.csproj", "{100D122E-19DE-4476-9EA9-58A780B1EC29}"
EndProject
Project("{FAE04EC0-301F-11D3-BF4B-00C04F79EFBC}") = "MayaConnected", "MayaConnected\MayaConnected.csproj", "{DA7CC749-75D8-4657-AF26-37061E7043B0}"
EndProject
Project("{FAE04EC0-301F-11D3-BF4B-00C04F79EFBC}") = "PaymentsAutomation", "PaymentsAutomation\PaymentsAutomation.csproj", "{ECCA847D-FAFD-4DC7-BC45-9DCEB552F2C3}"
EndProject
Global
	GlobalSection(SolutionConfigurationPlatforms) = preSolution
		Debug|Any CPU = Debug|Any CPU
		Release|Any CPU = Release|Any CPU
	EndGlobalSection
	GlobalSection(ProjectConfigurationPlatforms) = postSolution
		{41150A92-AC11-4A13-B88B-45E36310E2F9}.Debug|Any CPU.ActiveCfg = Debug|Any CPU
		{41150A92-AC11-4A13-B88B-45E36310E2F9}.Debug|Any CPU.Build.0 = Debug|Any CPU
		{41150A92-AC11-4A13-B88B-45E36310E2F9}.Release|Any CPU.ActiveCfg = Release|Any CPU
		{41150A92-AC11-4A13-B88B-45E36310E2F9}.Release|Any CPU.Build.0 = Release|Any CPU
		{274767B4-4224-45D1-A921-5074D4CAFA3D}.Debug|Any CPU.ActiveCfg = Debug|Any CPU
		{274767B4-4224-45D1-A921-5074D4CAFA3D}.Debug|Any CPU.Build.0 = Debug|Any CPU
		{274767B4-4224-45D1-A921-5074D4CAFA3D}.Release|Any CPU.ActiveCfg = Release|Any CPU
		{274767B4-4224-45D1-A921-5074D4CAFA3D}.Release|Any CPU.Build.0 = Release|Any CPU
		{88C1247F-5C3D-4868-A8CA-43C2A4D993E7}.Debug|Any CPU.ActiveCfg = Debug|Any CPU
		{88C1247F-5C3D-4868-A8CA-43C2A4D993E7}.Debug|Any CPU.Build.0 = Debug|Any CPU
		{88C1247F-5C3D-4868-A8CA-43C2A4D993E7}.Release|Any CPU.ActiveCfg = Release|Any CPU
		{88C1247F-5C3D-4868-A8CA-43C2A4D993E7}.Release|Any CPU.Build.0 = Release|Any CPU
		{3A9A1B2D-EF0C-47F9-942D-D8C50EA99BD0}.Debug|Any CPU.ActiveCfg = Debug|Any CPU
		{3A9A1B2D-EF0C-47F9-942D-D8C50EA99BD0}.Debug|Any CPU.Build.0 = Debug|Any CPU
		{3A9A1B2D-EF0C-47F9-942D-D8C50EA99BD0}.Release|Any CPU.ActiveCfg = Release|Any CPU
		{3A9A1B2D-EF0C-47F9-942D-D8C50EA99BD0}.Release|Any CPU.Build.0 = Release|Any CPU
		{100D122E-19DE-4476-9EA9-58A780B1EC29}.Debug|Any CPU.ActiveCfg = Debug|Any CPU
		{100D122E-19DE-4476-9EA9-58A780B1EC29}.Debug|Any CPU.Build.0 = Debug|Any CPU
		{100D122E-19DE-4476-9EA9-58A780B1EC29}.Release|Any CPU.ActiveCfg = Release|Any CPU
		{100D122E-19DE-4476-9EA9-58A780B1EC29}.Release|Any CPU.Build.0 = Release|Any CPU
		{DA7CC749-75D8-4657-AF26-37061E7043B0}.Debug|Any CPU.ActiveCfg = Debug|Any CPU
		{DA7CC749-75D8-4657-AF26-37061E7043B0}.Debug|Any CPU.Build.0 = Debug|Any CPU
		{DA7CC749-75D8-4657-AF26-37061E7043B0}.Release|Any CPU.ActiveCfg = Release|Any CPU
		{DA7CC749-75D8-4657-AF26-37061E7043B0}.Release|Any CPU.Build.0 = Release|Any CPU
		{ECCA847D-FAFD-4DC7-BC45-9DCEB552F2C3}.Debug|Any CPU.ActiveCfg = Debug|Any CPU
		{ECCA847D-FAFD-4DC7-BC45-9DCEB552F2C3}.Debug|Any CPU.Build.0 = Debug|Any CPU
		{ECCA847D-FAFD-4DC7-BC45-9DCEB552F2C3}.Release|Any CPU.ActiveCfg = Release|Any CPU
		{ECCA847D-FAFD-4DC7-BC45-9DCEB552F2C3}.Release|Any CPU.Build.0 = Release|Any CPU
	EndGlobalSection
	GlobalSection(SolutionProperties) = preSolution
		HideSolutionNode = FALSE
	EndGlobalSection
EndGlobal
